
Microsoft Visual Studio Solution File, Format Version 12.00
# Visual Studio Version 17
VisualStudioVersion = 17.6.33723.286
MinimumVisualStudioVersion = 10.0.40219.1
Project("{2150E333-8FDC-42A3-9474-1A3956D46DE8}") = "_SolutionItems", "_SolutionItems", "{E86E6B18-6EF7-4596-81FB-94B3CB1D4C4C}"
	ProjectSection(SolutionItems) = preProject
		Directory.Build.props = Directory.Build.props
		Directory.Packages.props = Directory.Packages.props
		README.md = README.md
	EndProjectSection
EndProject
Project("{2150E333-8FDC-42A3-9474-1A3956D46DE8}") = "BuildingBlocks", "BuildingBlocks", "{32BE4A2B-D596-4666-8396-5AE6A1C6E313}"
EndProject
Project("{2150E333-8FDC-42A3-9474-1A3956D46DE8}") = "Services", "Services", "{1C0C578C-BE7A-42B8-BFA6-54767CDF0EA4}"
EndProject
Project("{2150E333-8FDC-42A3-9474-1A3956D46DE8}") = "Customers", "Customers", "{1218F1CE-C590-4A61-AEDD-45FF4D789011}"
EndProject
Project("{2150E333-8FDC-42A3-9474-1A3956D46DE8}") = "src", "src", "{71A072F0-F83F-4BC9-A07B-4FC27E4E0C6F}"
EndProject
Project("{2150E333-8FDC-42A3-9474-1A3956D46DE8}") = "Promotions", "Promotions", "{F8AD22CF-6D8C-41E9-9E57-267E6BF5AEEC}"
EndProject
Project("{2150E333-8FDC-42A3-9474-1A3956D46DE8}") = "src", "src", "{1BC85A4E-D732-4C12-844D-635A85F6E608}"
EndProject
Project("{2150E333-8FDC-42A3-9474-1A3956D46DE8}") = "deployments", "deployments", "{CF4D7001-6683-441E-9D31-0467E0829F00}"
	ProjectSection(SolutionItems) = preProject
		deployments\docker\docker-compose.yml = deployments\docker\docker-compose.yml
		deployments\docker\infrastructure.yml = deployments\docker\infrastructure.yml
	EndProjectSection
EndProject
Project("{2150E333-8FDC-42A3-9474-1A3956D46DE8}") = "EmailSender", "EmailSender", "{4916F04D-6DFE-4467-B424-10B40DB3A597}"
EndProject
Project("{2150E333-8FDC-42A3-9474-1A3956D46DE8}") = "src", "src", "{00EC5575-8D00-4175-8D5B-ACE192275CEC}"
EndProject
Project("{2150E333-8FDC-42A3-9474-1A3956D46DE8}") = "tests", "tests", "{0BF81A8A-AB1B-4D54-8927-82D89FB5DF5F}"
EndProject
Project("{9A19103F-16F7-4668-BE54-9A1E7A4F7556}") = "BuildingBlocks", "src\BuildingBlocks\BuildingBlocks.csproj", "{EE90C4E8-4CA8-4C19-9EE9-7670ECB62679}"
EndProject
Project("{9A19103F-16F7-4668-BE54-9A1E7A4F7556}") = "Customers.Api", "src\Services\Customers\src\Customers.Api\Customers.Api.csproj", "{1D96AB7B-D01E-4EB1-B39B-2BF6C0FCD9E9}"
EndProject
Project("{9A19103F-16F7-4668-BE54-9A1E7A4F7556}") = "Customers.Messages", "src\Services\Customers\src\Customers.Messages\Customers.Messages.csproj", "{FDC1770F-2ECF-4938-A7DB-59A44E5E05EC}"
EndProject
Project("{9A19103F-16F7-4668-BE54-9A1E7A4F7556}") = "Customers.Api.Client", "src\Services\Customers\src\Customers.Api.Client\Customers.Api.Client.csproj", "{9817FE3B-78F1-4714-90AD-7737F1F28469}"
EndProject
Project("{9A19103F-16F7-4668-BE54-9A1E7A4F7556}") = "Customers.Api.IntegrationTests", "src\Services\Customers\tests\Customers.Api.IntegrationTests\Customers.Api.IntegrationTests.csproj", "{C5E1E866-3857-4C41-B882-8B54091F30D7}"
EndProject
Project("{9A19103F-16F7-4668-BE54-9A1E7A4F7556}") = "EmailSender", "src\Services\EmailSender\src\EmailSender\EmailSender.csproj", "{F9629FDD-1C88-455B-B6EF-113CD5145A57}"
EndProject
Project("{9A19103F-16F7-4668-BE54-9A1E7A4F7556}") = "EmailSender.Messages", "src\Services\EmailSender\src\EmailSender.Messages\EmailSender.Messages.csproj", "{31514567-5C64-46D8-A314-DC8036F1DE0C}"
EndProject
Project("{9A19103F-16F7-4668-BE54-9A1E7A4F7556}") = "Promotions.Api", "src\Services\Promotions\src\Promotions.Api\Promotions.Api.csproj", "{C37EE264-5E03-4EAA-BFD6-8224B371B605}"
EndProject
Project("{9A19103F-16F7-4668-BE54-9A1E7A4F7556}") = "Promotions", "src\Services\Promotions\src\Promotions\Promotions.csproj", "{ADBD3D46-FF26-451A-A538-E6658A880D18}"
EndProject
Project("{E53339B2-1760-4266-BCC7-CA923CBCF16C}") = "docker-compose", "docker-compose.dcproj", "{4720DCD8-8E10-4F73-B5EB-3A559DE48CC5}"
EndProject
Global
	GlobalSection(SolutionConfigurationPlatforms) = preSolution
		Debug|Any CPU = Debug|Any CPU
		Release|Any CPU = Release|Any CPU
	EndGlobalSection
	GlobalSection(ProjectConfigurationPlatforms) = postSolution
		{EE90C4E8-4CA8-4C19-9EE9-7670ECB62679}.Debug|Any CPU.ActiveCfg = Debug|Any CPU
		{EE90C4E8-4CA8-4C19-9EE9-7670ECB62679}.Debug|Any CPU.Build.0 = Debug|Any CPU
		{EE90C4E8-4CA8-4C19-9EE9-7670ECB62679}.Release|Any CPU.ActiveCfg = Release|Any CPU
		{EE90C4E8-4CA8-4C19-9EE9-7670ECB62679}.Release|Any CPU.Build.0 = Release|Any CPU
		{1D96AB7B-D01E-4EB1-B39B-2BF6C0FCD9E9}.Debug|Any CPU.ActiveCfg = Debug|Any CPU
		{1D96AB7B-D01E-4EB1-B39B-2BF6C0FCD9E9}.Debug|Any CPU.Build.0 = Debug|Any CPU
		{1D96AB7B-D01E-4EB1-B39B-2BF6C0FCD9E9}.Release|Any CPU.ActiveCfg = Release|Any CPU
		{1D96AB7B-D01E-4EB1-B39B-2BF6C0FCD9E9}.Release|Any CPU.Build.0 = Release|Any CPU
		{FDC1770F-2ECF-4938-A7DB-59A44E5E05EC}.Debug|Any CPU.ActiveCfg = Debug|Any CPU
		{FDC1770F-2ECF-4938-A7DB-59A44E5E05EC}.Debug|Any CPU.Build.0 = Debug|Any CPU
		{FDC1770F-2ECF-4938-A7DB-59A44E5E05EC}.Release|Any CPU.ActiveCfg = Release|Any CPU
		{FDC1770F-2ECF-4938-A7DB-59A44E5E05EC}.Release|Any CPU.Build.0 = Release|Any CPU
		{9817FE3B-78F1-4714-90AD-7737F1F28469}.Debug|Any CPU.ActiveCfg = Debug|Any CPU
		{9817FE3B-78F1-4714-90AD-7737F1F28469}.Debug|Any CPU.Build.0 = Debug|Any CPU
		{9817FE3B-78F1-4714-90AD-7737F1F28469}.Release|Any CPU.ActiveCfg = Release|Any CPU
		{9817FE3B-78F1-4714-90AD-7737F1F28469}.Release|Any CPU.Build.0 = Release|Any CPU
		{C5E1E866-3857-4C41-B882-8B54091F30D7}.Debug|Any CPU.ActiveCfg = Debug|Any CPU
		{C5E1E866-3857-4C41-B882-8B54091F30D7}.Debug|Any CPU.Build.0 = Debug|Any CPU
		{C5E1E866-3857-4C41-B882-8B54091F30D7}.Release|Any CPU.ActiveCfg = Release|Any CPU
		{C5E1E866-3857-4C41-B882-8B54091F30D7}.Release|Any CPU.Build.0 = Release|Any CPU
		{F9629FDD-1C88-455B-B6EF-113CD5145A57}.Debug|Any CPU.ActiveCfg = Debug|Any CPU
		{F9629FDD-1C88-455B-B6EF-113CD5145A57}.Debug|Any CPU.Build.0 = Debug|Any CPU
		{F9629FDD-1C88-455B-B6EF-113CD5145A57}.Release|Any CPU.ActiveCfg = Release|Any CPU
		{F9629FDD-1C88-455B-B6EF-113CD5145A57}.Release|Any CPU.Build.0 = Release|Any CPU
		{31514567-5C64-46D8-A314-DC8036F1DE0C}.Debug|Any CPU.ActiveCfg = Debug|Any CPU
		{31514567-5C64-46D8-A314-DC8036F1DE0C}.Debug|Any CPU.Build.0 = Debug|Any CPU
		{31514567-5C64-46D8-A314-DC8036F1DE0C}.Release|Any CPU.ActiveCfg = Release|Any CPU
		{31514567-5C64-46D8-A314-DC8036F1DE0C}.Release|Any CPU.Build.0 = Release|Any CPU
		{C37EE264-5E03-4EAA-BFD6-8224B371B605}.Debug|Any CPU.ActiveCfg = Debug|Any CPU
		{C37EE264-5E03-4EAA-BFD6-8224B371B605}.Debug|Any CPU.Build.0 = Debug|Any CPU
		{C37EE264-5E03-4EAA-BFD6-8224B371B605}.Release|Any CPU.ActiveCfg = Release|Any CPU
		{C37EE264-5E03-4EAA-BFD6-8224B371B605}.Release|Any CPU.Build.0 = Release|Any CPU
		{ADBD3D46-FF26-451A-A538-E6658A880D18}.Debug|Any CPU.ActiveCfg = Debug|Any CPU
		{ADBD3D46-FF26-451A-A538-E6658A880D18}.Debug|Any CPU.Build.0 = Debug|Any CPU
		{ADBD3D46-FF26-451A-A538-E6658A880D18}.Release|Any CPU.ActiveCfg = Release|Any CPU
		{ADBD3D46-FF26-451A-A538-E6658A880D18}.Release|Any CPU.Build.0 = Release|Any CPU
		{4720DCD8-8E10-4F73-B5EB-3A559DE48CC5}.Debug|Any CPU.ActiveCfg = Debug|Any CPU
		{4720DCD8-8E10-4F73-B5EB-3A559DE48CC5}.Debug|Any CPU.Build.0 = Debug|Any CPU
		{4720DCD8-8E10-4F73-B5EB-3A559DE48CC5}.Release|Any CPU.ActiveCfg = Release|Any CPU
		{4720DCD8-8E10-4F73-B5EB-3A559DE48CC5}.Release|Any CPU.Build.0 = Release|Any CPU
	EndGlobalSection
	GlobalSection(SolutionProperties) = preSolution
		HideSolutionNode = FALSE
	EndGlobalSection
	GlobalSection(NestedProjects) = preSolution
		{1218F1CE-C590-4A61-AEDD-45FF4D789011} = {1C0C578C-BE7A-42B8-BFA6-54767CDF0EA4}
		{71A072F0-F83F-4BC9-A07B-4FC27E4E0C6F} = {1218F1CE-C590-4A61-AEDD-45FF4D789011}
		{F8AD22CF-6D8C-41E9-9E57-267E6BF5AEEC} = {1C0C578C-BE7A-42B8-BFA6-54767CDF0EA4}
		{1BC85A4E-D732-4C12-844D-635A85F6E608} = {F8AD22CF-6D8C-41E9-9E57-267E6BF5AEEC}
		{CF4D7001-6683-441E-9D31-0467E0829F00} = {E86E6B18-6EF7-4596-81FB-94B3CB1D4C4C}
		{4916F04D-6DFE-4467-B424-10B40DB3A597} = {1C0C578C-BE7A-42B8-BFA6-54767CDF0EA4}
		{00EC5575-8D00-4175-8D5B-ACE192275CEC} = {4916F04D-6DFE-4467-B424-10B40DB3A597}
		{0BF81A8A-AB1B-4D54-8927-82D89FB5DF5F} = {1218F1CE-C590-4A61-AEDD-45FF4D789011}
		{EE90C4E8-4CA8-4C19-9EE9-7670ECB62679} = {32BE4A2B-D596-4666-8396-5AE6A1C6E313}
		{1D96AB7B-D01E-4EB1-B39B-2BF6C0FCD9E9} = {71A072F0-F83F-4BC9-A07B-4FC27E4E0C6F}
		{FDC1770F-2ECF-4938-A7DB-59A44E5E05EC} = {71A072F0-F83F-4BC9-A07B-4FC27E4E0C6F}
		{9817FE3B-78F1-4714-90AD-7737F1F28469} = {71A072F0-F83F-4BC9-A07B-4FC27E4E0C6F}
		{C5E1E866-3857-4C41-B882-8B54091F30D7} = {0BF81A8A-AB1B-4D54-8927-82D89FB5DF5F}
		{F9629FDD-1C88-455B-B6EF-113CD5145A57} = {00EC5575-8D00-4175-8D5B-ACE192275CEC}
		{31514567-5C64-46D8-A314-DC8036F1DE0C} = {00EC5575-8D00-4175-8D5B-ACE192275CEC}
		{C37EE264-5E03-4EAA-BFD6-8224B371B605} = {1BC85A4E-D732-4C12-844D-635A85F6E608}
		{ADBD3D46-FF26-451A-A538-E6658A880D18} = {1BC85A4E-D732-4C12-844D-635A85F6E608}
	EndGlobalSection
	GlobalSection(ExtensibilityGlobals) = postSolution
		SolutionGuid = {65242230-301C-4965-800D-EFAB6C07A81E}
	EndGlobalSection
EndGlobal
